Microsoft Visual Studio Solution File, Format Version 12.00
# Visual Studio Version 17
VisualStudioVersion = 17.5.2.0
MinimumVisualStudioVersion = 10.0.40219.1
Project("{FAE04EC0-301F-11D3-BF4B-00C04F79EFBC}") = "MudX", "MudX.csproj", "{B75F75E3-4BCE-017F-4CDC-D6820DC69FCA}"
EndProject
Global
	GlobalSection(SolutionConfigurationPlatforms) = preSolution
		Debug|Any CPU = Debug|Any CPU
		Release|Any CPU = Release|Any CPU
	EndGlobalSection
	GlobalSection(ProjectConfigurationPlatforms) = postSolution
		{B75F75E3-4BCE-017F-4CDC-D6820DC69FCA}.Debug|Any CPU.ActiveCfg = Debug|Any CPU
		{B75F75E3-4BCE-017F-4CDC-D6820DC69FCA}.Debug|Any CPU.Build.0 = Debug|Any CPU
		{B75F75E3-4BCE-017F-4CDC-D6820DC69FCA}.Release|Any CPU.ActiveCfg = Release|Any CPU
		{B75F75E3-4BCE-017F-4CDC-D6820DC69FCA}.Release|Any CPU.Build.0 = Release|Any CPU
	EndGlobalSection
	GlobalSection(SolutionProperties) = preSolution
		HideSolutionNode = FALSE
	EndGlobalSection
	GlobalSection(ExtensibilityGlobals) = postSolution
		SolutionGuid = {43947BA7-07A3-41BF-88A9-E91EBC34C9AA}
	EndGlobalSection
EndGlobal
